// !$*UTF8*$!
{
	archiveVersion = 1;
	classes = {
	};
	objectVersion = 50;
	objects = {

/* Begin PBXBuildFile section */
		E4214A3D25BB94FF00BA8BEE /* Models.swift in Sources */ = {isa = PBXBuildFile; fileRef = E4214A3C25BB94FF00BA8BEE /* Models.swift */; };
		E47AEE1125BF35F200393972 /* IntroConceptsDetailView.swift in Sources */ = {isa = PBXBuildFile; fileRef = E47AEE1025BF35F200393972 /* IntroConceptsDetailView.swift */; };
		E4AF16DA25BB625700EC6051 /* IntroConceptsListItem.swift in Sources */ = {isa = PBXBuildFile; fileRef = E4AF16D925BB625700EC6051 /* IntroConceptsListItem.swift */; };
		E4CCFD0D25B3C31F0017DDA4 /* AppDelegate.swift in Sources */ = {isa = PBXBuildFile; fileRef = E4CCFD0C25B3C31F0017DDA4 /* AppDelegate.swift */; };
		E4CCFD0F25B3C31F0017DDA4 /* SceneDelegate.swift in Sources */ = {isa = PBXBuildFile; fileRef = E4CCFD0E25B3C31F0017DDA4 /* SceneDelegate.swift */; };
		E4CCFD1325B3C3200017DDA4 /* Assets.xcassets in Resources */ = {isa = PBXBuildFile; fileRef = E4CCFD1225B3C3200017DDA4 /* Assets.xcassets */; };
		E4CCFD1625B3C3200017DDA4 /* Preview Assets.xcassets in Resources */ = {isa = PBXBuildFile; fileRef = E4CCFD1525B3C3200017DDA4 /* Preview Assets.xcassets */; };
		E4CCFD1925B3C3200017DDA4 /* LaunchScreen.storyboard in Resources */ = {isa = PBXBuildFile; fileRef = E4CCFD1725B3C3200017DDA4 /* LaunchScreen.storyboard */; };
		E4CCFD2425B3F39C0017DDA4 /* AbletonMetronome.wav in Resources */ = {isa = PBXBuildFile; fileRef = E4CCFD2225B3F39C0017DDA4 /* AbletonMetronome.wav */; };
		E4CCFD2525B3F39C0017DDA4 /* AbletonMetronomeUp.wav in Resources */ = {isa = PBXBuildFile; fileRef = E4CCFD2325B3F39C0017DDA4 /* AbletonMetronomeUp.wav */; };
		E4CCFD2925B3F3D00017DDA4 /* CubaseMetronome.wav in Resources */ = {isa = PBXBuildFile; fileRef = E4CCFD2725B3F3D00017DDA4 /* CubaseMetronome.wav */; };
		E4CCFD2A25B3F3D00017DDA4 /* CubaseMetronomeUp.wav in Resources */ = {isa = PBXBuildFile; fileRef = E4CCFD2825B3F3D00017DDA4 /* CubaseMetronomeUp.wav */; };
		E4CCFD2E25B3F41F0017DDA4 /* FLStudioMetronome.wav in Resources */ = {isa = PBXBuildFile; fileRef = E4CCFD2C25B3F41F0017DDA4 /* FLStudioMetronome.wav */; };
		E4CCFD2F25B3F41F0017DDA4 /* FLStudioMetronomeUp.wav in Resources */ = {isa = PBXBuildFile; fileRef = E4CCFD2D25B3F41F0017DDA4 /* FLStudioMetronomeUp.wav */; };
		E4CCFD3325B3F4450017DDA4 /* LogicMetronome.wav in Resources */ = {isa = PBXBuildFile; fileRef = E4CCFD3125B3F4450017DDA4 /* LogicMetronome.wav */; };
		E4CCFD3425B3F4450017DDA4 /* LogicMetronomeUp.wav in Resources */ = {isa = PBXBuildFile; fileRef = E4CCFD3225B3F4450017DDA4 /* LogicMetronomeUp.wav */; };
		E4CCFD3825B3F46D0017DDA4 /* MaschineMetronomeUp.wav in Resources */ = {isa = PBXBuildFile; fileRef = E4CCFD3625B3F46C0017DDA4 /* MaschineMetronomeUp.wav */; };
		E4CCFD3925B3F46D0017DDA4 /* MaschineMetronome.wav in Resources */ = {isa = PBXBuildFile; fileRef = E4CCFD3725B3F46C0017DDA4 /* MaschineMetronome.wav */; };
		E4CCFD3D25B3F4DD0017DDA4 /* MpcMetronomeUp.wav in Resources */ = {isa = PBXBuildFile; fileRef = E4CCFD3B25B3F4DD0017DDA4 /* MpcMetronomeUp.wav */; };
		E4CCFD3E25B3F4DD0017DDA4 /* MpcMetronome.wav in Resources */ = {isa = PBXBuildFile; fileRef = E4CCFD3C25B3F4DD0017DDA4 /* MpcMetronome.wav */; };
		E4CCFD4225B3F5100017DDA4 /* ProToolsMetronome.wav in Resources */ = {isa = PBXBuildFile; fileRef = E4CCFD4025B3F5100017DDA4 /* ProToolsMetronome.wav */; };
		E4CCFD4325B3F5100017DDA4 /* ProToolsMetronomeUp.wav in Resources */ = {isa = PBXBuildFile; fileRef = E4CCFD4125B3F5100017DDA4 /* ProToolsMetronomeUp.wav */; };
		E4CCFD4725B3F5430017DDA4 /* ProToolsMarimbaMetronomeUp.wav in Resources */ = {isa = PBXBuildFile; fileRef = E4CCFD4525B3F5420017DDA4 /* ProToolsMarimbaMetronomeUp.wav */; };
		E4CCFD4825B3F5430017DDA4 /* ProToolsMarimbaMetronome.wav in Resources */ = {isa = PBXBuildFile; fileRef = E4CCFD4625B3F5430017DDA4 /* ProToolsMarimbaMetronome.wav */; };
		E4CCFD4C25B3F57E0017DDA4 /* ReasonMetronome.wav in Resources */ = {isa = PBXBuildFile; fileRef = E4CCFD4A25B3F57E0017DDA4 /* ReasonMetronome.wav */; };
		E4CCFD4D25B3F57E0017DDA4 /* ReasonMetronomeUp.wav in Resources */ = {isa = PBXBuildFile; fileRef = E4CCFD4B25B3F57E0017DDA4 /* ReasonMetronomeUp.wav */; };
		E4CCFD5125B3F5A10017DDA4 /* SonarMetronome.wav in Resources */ = {isa = PBXBuildFile; fileRef = E4CCFD4F25B3F5A10017DDA4 /* SonarMetronome.wav */; };
		E4CCFD5225B3F5A10017DDA4 /* SonarMetronomeUp.wav in Resources */ = {isa = PBXBuildFile; fileRef = E4CCFD5025B3F5A10017DDA4 /* SonarMetronomeUp.wav */; };
		E4CCFD5625B40A310017DDA4 /* IntroConceptsView.swift in Sources */ = {isa = PBXBuildFile; fileRef = E4CCFD5525B40A310017DDA4 /* IntroConceptsView.swift */; };
/* End PBXBuildFile section */

/* Begin PBXFileReference section */
		E4214A3C25BB94FF00BA8BEE /* Models.swift */ = {isa = PBXFileReference; lastKnownFileType = sourcecode.swift; path = Models.swift; sourceTree = "<group>"; };
		E47AEE1025BF35F200393972 /* IntroConceptsDetailView.swift */ = {isa = PBXFileReference; lastKnownFileType = sourcecode.swift; path = IntroConceptsDetailView.swift; sourceTree = "<group>"; };
		E4AF16D925BB625700EC6051 /* IntroConceptsListItem.swift */ = {isa = PBXFileReference; lastKnownFileType = sourcecode.swift; path = IntroConceptsListItem.swift; sourceTree = "<group>"; };
		E4CCFD0925B3C31F0017DDA4 /* TouchGuitarCircle.app */ = {isa = PBXFileReference; explicitFileType = wrapper.application; includeInIndex = 0; path = TouchGuitarCircle.app; sourceTree = BUILT_PRODUCTS_DIR; };
		E4CCFD0C25B3C31F0017DDA4 /* AppDelegate.swift */ = {isa = PBXFileReference; lastKnownFileType = sourcecode.swift; path = AppDelegate.swift; sourceTree = "<group>"; };
		E4CCFD0E25B3C31F0017DDA4 /* SceneDelegate.swift */ = {isa = PBXFileReference; lastKnownFileType = sourcecode.swift; path = SceneDelegate.swift; sourceTree = "<group>"; };
		E4CCFD1225B3C3200017DDA4 /* Assets.xcassets */ = {isa = PBXFileReference; lastKnownFileType = folder.assetcatalog; path = Assets.xcassets; sourceTree = "<group>"; };
		E4CCFD1525B3C3200017DDA4 /* Preview Assets.xcassets */ = {isa = PBXFileReference; lastKnownFileType = folder.assetcatalog; path = "Preview Assets.xcassets"; sourceTree = "<group>"; };
		E4CCFD1825B3C3200017DDA4 /* Base */ = {isa = PBXFileReference; lastKnownFileType = file.storyboard; name = Base; path = Base.lproj/LaunchScreen.storyboard; sourceTree = "<group>"; };
		E4CCFD1A25B3C3200017DDA4 /* Info.plist */ = {isa = PBXFileReference; lastKnownFileType = text.plist.xml; path = Info.plist; sourceTree = "<group>"; };
		E4CCFD2225B3F39C0017DDA4 /* AbletonMetronome.wav */ = {isa = PBXFileReference; lastKnownFileType = audio.wav; path = AbletonMetronome.wav; sourceTree = "<group>"; };
		E4CCFD2325B3F39C0017DDA4 /* AbletonMetronomeUp.wav */ = {isa = PBXFileReference; lastKnownFileType = audio.wav; path = AbletonMetronomeUp.wav; sourceTree = "<group>"; };
		E4CCFD2725B3F3D00017DDA4 /* CubaseMetronome.wav */ = {isa = PBXFileReference; lastKnownFileType = audio.wav; path = CubaseMetronome.wav; sourceTree = "<group>"; };
		E4CCFD2825B3F3D00017DDA4 /* CubaseMetronomeUp.wav */ = {isa = PBXFileReference; lastKnownFileType = audio.wav; path = CubaseMetronomeUp.wav; sourceTree = "<group>"; };
		E4CCFD2C25B3F41F0017DDA4 /* FLStudioMetronome.wav */ = {isa = PBXFileReference; lastKnownFileType = audio.wav; path = FLStudioMetronome.wav; sourceTree = "<group>"; };
		E4CCFD2D25B3F41F0017DDA4 /* FLStudioMetronomeUp.wav */ = {isa = PBXFileReference; lastKnownFileType = audio.wav; path = FLStudioMetronomeUp.wav; sourceTree = "<group>"; };
		E4CCFD3125B3F4450017DDA4 /* LogicMetronome.wav */ = {isa = PBXFileReference; lastKnownFileType = audio.wav; path = LogicMetronome.wav; sourceTree = "<group>"; };
		E4CCFD3225B3F4450017DDA4 /* LogicMetronomeUp.wav */ = {isa = PBXFileReference; lastKnownFileType = audio.wav; path = LogicMetronomeUp.wav; sourceTree = "<group>"; };
		E4CCFD3625B3F46C0017DDA4 /* MaschineMetronomeUp.wav */ = {isa = PBXFileReference; lastKnownFileType = audio.wav; path = MaschineMetronomeUp.wav; sourceTree = "<group>"; };
		E4CCFD3725B3F46C0017DDA4 /* MaschineMetronome.wav */ = {isa = PBXFileReference; lastKnownFileType = audio.wav; path = MaschineMetronome.wav; sourceTree = "<group>"; };
		E4CCFD3B25B3F4DD0017DDA4 /* MpcMetronomeUp.wav */ = {isa = PBXFileReference; lastKnownFileType = audio.wav; path = MpcMetronomeUp.wav; sourceTree = "<group>"; };
		E4CCFD3C25B3F4DD0017DDA4 /* MpcMetronome.wav */ = {isa = PBXFileReference; lastKnownFileType = audio.wav; path = MpcMetronome.wav; sourceTree = "<group>"; };
		E4CCFD4025B3F5100017DDA4 /* ProToolsMetronome.wav */ = {isa = PBXFileReference; lastKnownFileType = audio.wav; path = ProToolsMetronome.wav; sourceTree = "<group>"; };
		E4CCFD4125B3F5100017DDA4 /* ProToolsMetronomeUp.wav */ = {isa = PBXFileReference; lastKnownFileType = audio.wav; path = ProToolsMetronomeUp.wav; sourceTree = "<group>"; };
		E4CCFD4525B3F5420017DDA4 /* ProToolsMarimbaMetronomeUp.wav */ = {isa = PBXFileReference; lastKnownFileType = audio.wav; path = ProToolsMarimbaMetronomeUp.wav; sourceTree = "<group>"; };
		E4CCFD4625B3F5430017DDA4 /* ProToolsMarimbaMetronome.wav */ = {isa = PBXFileReference; lastKnownFileType = audio.wav; path = ProToolsMarimbaMetronome.wav; sourceTree = "<group>"; };
		E4CCFD4A25B3F57E0017DDA4 /* ReasonMetronome.wav */ = {isa = PBXFileReference; lastKnownFileType = audio.wav; path = ReasonMetronome.wav; sourceTree = "<group>"; };
		E4CCFD4B25B3F57E0017DDA4 /* ReasonMetronomeUp.wav */ = {isa = PBXFileReference; lastKnownFileType = audio.wav; path = ReasonMetronomeUp.wav; sourceTree = "<group>"; };
		E4CCFD4F25B3F5A10017DDA4 /* SonarMetronome.wav */ = {isa = PBXFileReference; lastKnownFileType = audio.wav; path = SonarMetronome.wav; sourceTree = "<group>"; };
		E4CCFD5025B3F5A10017DDA4 /* SonarMetronomeUp.wav */ = {isa = PBXFileReference; lastKnownFileType = audio.wav; path = SonarMetronomeUp.wav; sourceTree = "<group>"; };
		E4CCFD5525B40A310017DDA4 /* IntroConceptsView.swift */ = {isa = PBXFileReference; lastKnownFileType = sourcecode.swift; path = IntroConceptsView.swift; sourceTree = "<group>"; };
/* End PBXFileReference section */

/* Begin PBXFrameworksBuildPhase section */
		E4CCFD0625B3C31F0017DDA4 /* Frameworks */ = {
			isa = PBXFrameworksBuildPhase;
			buildActionMask = 2147483647;
			files = (
			);
			runOnlyForDeploymentPostprocessing = 0;
		};
/* End PBXFrameworksBuildPhase section */

/* Begin PBXGroup section */
		E4214A3A25BB94A100BA8BEE /* IntroAndConceptsView */ = {
			isa = PBXGroup;
			children = (
				E4CCFD5525B40A310017DDA4 /* IntroConceptsView.swift */,
				E4AF16D925BB625700EC6051 /* IntroConceptsListItem.swift */,
				E47AEE1025BF35F200393972 /* IntroConceptsDetailView.swift */,
			);
			path = IntroAndConceptsView;
			sourceTree = "<group>";
		};
		E4214A3B25BB94BF00BA8BEE /* DataModels */ = {
			isa = PBXGroup;
			children = (
				E4214A3C25BB94FF00BA8BEE /* Models.swift */,
			);
			path = DataModels;
			sourceTree = "<group>";
		};
		E4CCFD0025B3C31F0017DDA4 = {
			isa = PBXGroup;
			children = (
				E4CCFD2125B3F1C60017DDA4 /* MetronomeSounds */,
				E4CCFD0B25B3C31F0017DDA4 /* TouchGuitarCircle */,
				E4CCFD0A25B3C31F0017DDA4 /* Products */,
			);
			sourceTree = "<group>";
		};
		E4CCFD0A25B3C31F0017DDA4 /* Products */ = {
			isa = PBXGroup;
			children = (
				E4CCFD0925B3C31F0017DDA4 /* TouchGuitarCircle.app */,
			);
			name = Products;
			sourceTree = "<group>";
		};
		E4CCFD0B25B3C31F0017DDA4 /* TouchGuitarCircle */ = {
			isa = PBXGroup;
			children = (
				E4214A3B25BB94BF00BA8BEE /* DataModels */,
				E4214A3A25BB94A100BA8BEE /* IntroAndConceptsView */,
				E4CCFD0C25B3C31F0017DDA4 /* AppDelegate.swift */,
				E4CCFD0E25B3C31F0017DDA4 /* SceneDelegate.swift */,
				E4CCFD1225B3C3200017DDA4 /* Assets.xcassets */,
				E4CCFD1725B3C3200017DDA4 /* LaunchScreen.storyboard */,
				E4CCFD1A25B3C3200017DDA4 /* Info.plist */,
				E4CCFD1425B3C3200017DDA4 /* Preview Content */,
			);
			path = TouchGuitarCircle;
			sourceTree = "<group>";
		};
		E4CCFD1425B3C3200017DDA4 /* Preview Content */ = {
			isa = PBXGroup;
			children = (
				E4CCFD1525B3C3200017DDA4 /* Preview Assets.xcassets */,
			);
			path = "Preview Content";
			sourceTree = "<group>";
		};
		E4CCFD2125B3F1C60017DDA4 /* MetronomeSounds */ = {
			isa = PBXGroup;
			children = (
				E4CCFD2225B3F39C0017DDA4 /* AbletonMetronome.wav */,
				E4CCFD2325B3F39C0017DDA4 /* AbletonMetronomeUp.wav */,
				E4CCFD2725B3F3D00017DDA4 /* CubaseMetronome.wav */,
				E4CCFD2825B3F3D00017DDA4 /* CubaseMetronomeUp.wav */,
				E4CCFD2C25B3F41F0017DDA4 /* FLStudioMetronome.wav */,
				E4CCFD2D25B3F41F0017DDA4 /* FLStudioMetronomeUp.wav */,
				E4CCFD3125B3F4450017DDA4 /* LogicMetronome.wav */,
				E4CCFD3225B3F4450017DDA4 /* LogicMetronomeUp.wav */,
				E4CCFD3725B3F46C0017DDA4 /* MaschineMetronome.wav */,
				E4CCFD3625B3F46C0017DDA4 /* MaschineMetronomeUp.wav */,
				E4CCFD3C25B3F4DD0017DDA4 /* MpcMetronome.wav */,
				E4CCFD3B25B3F4DD0017DDA4 /* MpcMetronomeUp.wav */,
				E4CCFD4625B3F5430017DDA4 /* ProToolsMarimbaMetronome.wav */,
				E4CCFD4525B3F5420017DDA4 /* ProToolsMarimbaMetronomeUp.wav */,
				E4CCFD4025B3F5100017DDA4 /* ProToolsMetronome.wav */,
				E4CCFD4125B3F5100017DDA4 /* ProToolsMetronomeUp.wav */,
				E4CCFD4A25B3F57E0017DDA4 /* ReasonMetronome.wav */,
				E4CCFD4B25B3F57E0017DDA4 /* ReasonMetronomeUp.wav */,
				E4CCFD4F25B3F5A10017DDA4 /* SonarMetronome.wav */,
				E4CCFD5025B3F5A10017DDA4 /* SonarMetronomeUp.wav */,
			);
			path = MetronomeSounds;
			sourceTree = "<group>";
		};
/* End PBXGroup section */

/* Begin PBXNativeTarget section */
		E4CCFD0825B3C31F0017DDA4 /* TouchGuitarCircle */ = {
			isa = PBXNativeTarget;
			buildConfigurationList = E4CCFD1D25B3C3200017DDA4 /* Build configuration list for PBXNativeTarget "TouchGuitarCircle" */;
			buildPhases = (
				E4CCFD0525B3C31F0017DDA4 /* Sources */,
				E4CCFD0625B3C31F0017DDA4 /* Frameworks */,
				E4CCFD0725B3C31F0017DDA4 /* Resources */,
			);
			buildRules = (
			);
			dependencies = (
			);
			name = TouchGuitarCircle;
			productName = TouchGuitarCircle;
			productReference = E4CCFD0925B3C31F0017DDA4 /* TouchGuitarCircle.app */;
			productType = "com.apple.product-type.application";
		};
/* End PBXNativeTarget section */

/* Begin PBXProject section */
		E4CCFD0125B3C31F0017DDA4 /* Project object */ = {
			isa = PBXProject;
			attributes = {
				LastSwiftUpdateCheck = 1230;
				LastUpgradeCheck = 1230;
				TargetAttributes = {
					E4CCFD0825B3C31F0017DDA4 = {
						CreatedOnToolsVersion = 12.3;
					};
				};
			};
			buildConfigurationList = E4CCFD0425B3C31F0017DDA4 /* Build configuration list for PBXProject "TouchGuitarCircle" */;
			compatibilityVersion = "Xcode 9.3";
			developmentRegion = en;
			hasScannedForEncodings = 0;
			knownRegions = (
				en,
				Base,
			);
			mainGroup = E4CCFD0025B3C31F0017DDA4;
			productRefGroup = E4CCFD0A25B3C31F0017DDA4 /* Products */;
			projectDirPath = "";
			projectRoot = "";
			targets = (
				E4CCFD0825B3C31F0017DDA4 /* TouchGuitarCircle */,
			);
		};
/* End PBXProject section */

/* Begin PBXResourcesBuildPhase section */
		E4CCFD0725B3C31F0017DDA4 /* Resources */ = {
			isa = PBXResourcesBuildPhase;
			buildActionMask = 2147483647;
			files = (
				E4CCFD1925B3C3200017DDA4 /* LaunchScreen.storyboard in Resources */,
				E4CCFD4C25B3F57E0017DDA4 /* ReasonMetronome.wav in Resources */,
				E4CCFD2E25B3F41F0017DDA4 /* FLStudioMetronome.wav in Resources */,
				E4CCFD3325B3F4450017DDA4 /* LogicMetronome.wav in Resources */,
				E4CCFD3D25B3F4DD0017DDA4 /* MpcMetronomeUp.wav in Resources */,
				E4CCFD4825B3F5430017DDA4 /* ProToolsMarimbaMetronome.wav in Resources */,
				E4CCFD3425B3F4450017DDA4 /* LogicMetronomeUp.wav in Resources */,
				E4CCFD5225B3F5A10017DDA4 /* SonarMetronomeUp.wav in Resources */,
				E4CCFD2525B3F39C0017DDA4 /* AbletonMetronomeUp.wav in Resources */,
				E4CCFD4325B3F5100017DDA4 /* ProToolsMetronomeUp.wav in Resources */,
				E4CCFD5125B3F5A10017DDA4 /* SonarMetronome.wav in Resources */,
				E4CCFD3925B3F46D0017DDA4 /* MaschineMetronome.wav in Resources */,
				E4CCFD2F25B3F41F0017DDA4 /* FLStudioMetronomeUp.wav in Resources */,
				E4CCFD3825B3F46D0017DDA4 /* MaschineMetronomeUp.wav in Resources */,
				E4CCFD4225B3F5100017DDA4 /* ProToolsMetronome.wav in Resources */,
				E4CCFD1625B3C3200017DDA4 /* Preview Assets.xcassets in Resources */,
				E4CCFD1325B3C3200017DDA4 /* Assets.xcassets in Resources */,
				E4CCFD4D25B3F57E0017DDA4 /* ReasonMetronomeUp.wav in Resources */,
				E4CCFD2925B3F3D00017DDA4 /* CubaseMetronome.wav in Resources */,
				E4CCFD4725B3F5430017DDA4 /* ProToolsMarimbaMetronomeUp.wav in Resources */,
				E4CCFD2A25B3F3D00017DDA4 /* CubaseMetronomeUp.wav in Resources */,
				E4CCFD2425B3F39C0017DDA4 /* AbletonMetronome.wav in Resources */,
				E4CCFD3E25B3F4DD0017DDA4 /* MpcMetronome.wav in Resources */,
			);
			runOnlyForDeploymentPostprocessing = 0;
		};
/* End PBXResourcesBuildPhase section */

/* Begin PBXSourcesBuildPhase section */
		E4CCFD0525B3C31F0017DDA4 /* Sources */ = {
			isa = PBXSourcesBuildPhase;
			buildActionMask = 2147483647;
			files = (
				E4CCFD5625B40A310017DDA4 /* IntroConceptsView.swift in Sources */,
				E4AF16DA25BB625700EC6051 /* IntroConceptsListItem.swift in Sources */,
				E4CCFD0D25B3C31F0017DDA4 /* AppDelegate.swift in Sources */,
				E4CCFD0F25B3C31F0017DDA4 /* SceneDelegate.swift in Sources */,
				E47AEE1125BF35F200393972 /* IntroConceptsDetailView.swift in Sources */,
				E4214A3D25BB94FF00BA8BEE /* Models.swift in Sources */,
			);
			runOnlyForDeploymentPostprocessing = 0;
		};
/* End PBXSourcesBuildPhase section */

/* Begin PBXVariantGroup section */
		E4CCFD1725B3C3200017DDA4 /* LaunchScreen.storyboard */ = {
			isa = PBXVariantGroup;
			children = (
				E4CCFD1825B3C3200017DDA4 /* Base */,
			);
			name = LaunchScreen.storyboard;
			sourceTree = "<group>";
		};
/* End PBXVariantGroup section */

/* Begin XCBuildConfiguration section */
		E4CCFD1B25B3C3200017DDA4 /* Debug */ = {
			isa = XCBuildConfiguration;
			buildSettings = {
				ALWAYS_SEARCH_USER_PATHS = NO;
				CLANG_ANALYZER_NONNULL = YES;
				CLANG_ANALYZER_NUMBER_OBJECT_CONVERSION = YES_AGGRESSIVE;
				CLANG_CXX_LANGUAGE_STANDARD = "gnu++14";
				CLANG_CXX_LIBRARY = "libc++";
				CLANG_ENABLE_MODULES = YES;
				CLANG_ENABLE_OBJC_ARC = YES;
				CLANG_ENABLE_OBJC_WEAK = YES;
				CLANG_WARN_BLOCK_CAPTURE_AUTORELEASING = YES;
				CLANG_WARN_BOOL_CONVERSION = YES;
				CLANG_WARN_COMMA = YES;
				CLANG_WARN_CONSTANT_CONVERSION = YES;
				CLANG_WARN_DEPRECATED_OBJC_IMPLEMENTATIONS = YES;
				CLANG_WARN_DIRECT_OBJC_ISA_USAGE = YES_ERROR;
				CLANG_WARN_DOCUMENTATION_COMMENTS = YES;
				CLANG_WARN_EMPTY_BODY = YES;
				CLANG_WARN_ENUM_CONVERSION = YES;
				CLANG_WARN_INFINITE_RECURSION = YES;
				CLANG_WARN_INT_CONVERSION = YES;
				CLANG_WARN_NON_LITERAL_NULL_CONVERSION = YES;
				CLANG_WARN_OBJC_IMPLICIT_RETAIN_SELF = YES;
				CLANG_WARN_OBJC_LITERAL_CONVERSION = YES;
				CLANG_WARN_OBJC_ROOT_CLASS = YES_ERROR;
				CLANG_WARN_QUOTED_INCLUDE_IN_FRAMEWORK_HEADER = YES;
				CLANG_WARN_RANGE_LOOP_ANALYSIS = YES;
				CLANG_WARN_STRICT_PROTOTYPES = YES;
				CLANG_WARN_SUSPICIOUS_MOVE = YES;
				CLANG_WARN_UNGUARDED_AVAILABILITY = YES_AGGRESSIVE;
				CLANG_WARN_UNREACHABLE_CODE = YES;
				CLANG_WARN__DUPLICATE_METHOD_MATCH = YES;
				COPY_PHASE_STRIP = NO;
				DEBUG_INFORMATION_FORMAT = dwarf;
				ENABLE_STRICT_OBJC_MSGSEND = YES;
				ENABLE_TESTABILITY = YES;
				GCC_C_LANGUAGE_STANDARD = gnu11;
				GCC_DYNAMIC_NO_PIC = NO;
				GCC_NO_COMMON_BLOCKS = YES;
				GCC_OPTIMIZATION_LEVEL = 0;
				GCC_PREPROCESSOR_DEFINITIONS = (
					"DEBUG=1",
					"$(inherited)",
				);
				GCC_WARN_64_TO_32_BIT_CONVERSION = YES;
				GCC_WARN_ABOUT_RETURN_TYPE = YES_ERROR;
				GCC_WARN_UNDECLARED_SELECTOR = YES;
				GCC_WARN_UNINITIALIZED_AUTOS = YES_AGGRESSIVE;
				GCC_WARN_UNUSED_FUNCTION = YES;
				GCC_WARN_UNUSED_VARIABLE = YES;
				IPHONEOS_DEPLOYMENT_TARGET = 14.3;
				MTL_ENABLE_DEBUG_INFO = INCLUDE_SOURCE;
				MTL_FAST_MATH = YES;
				ONLY_ACTIVE_ARCH = YES;
				SDKROOT = iphoneos;
				SWIFT_ACTIVE_COMPILATION_CONDITIONS = DEBUG;
				SWIFT_OPTIMIZATION_LEVEL = "-Onone";
			};
			name = Debug;
		};
		E4CCFD1C25B3C3200017DDA4 /* Release */ = {
			isa = XCBuildConfiguration;
			buildSettings = {
				ALWAYS_SEARCH_USER_PATHS = NO;
				CLANG_ANALYZER_NONNULL = YES;
				CLANG_ANALYZER_NUMBER_OBJECT_CONVERSION = YES_AGGRESSIVE;
				CLANG_CXX_LANGUAGE_STANDARD = "gnu++14";
				CLANG_CXX_LIBRARY = "libc++";
				CLANG_ENABLE_MODULES = YES;
				CLANG_ENABLE_OBJC_ARC = YES;
				CLANG_ENABLE_OBJC_WEAK = YES;
				CLANG_WARN_BLOCK_CAPTURE_AUTORELEASING = YES;
				CLANG_WARN_BOOL_CONVERSION = YES;
				CLANG_WARN_COMMA = YES;
				CLANG_WARN_CONSTANT_CONVERSION = YES;
				CLANG_WARN_DEPRECATED_OBJC_IMPLEMENTATIONS = YES;
				CLANG_WARN_DIRECT_OBJC_ISA_USAGE = YES_ERROR;
				CLANG_WARN_DOCUMENTATION_COMMENTS = YES;
				CLANG_WARN_EMPTY_BODY = YES;
				CLANG_WARN_ENUM_CONVERSION = YES;
				CLANG_WARN_INFINITE_RECURSION = YES;
				CLANG_WARN_INT_CONVERSION = YES;
				CLANG_WARN_NON_LITERAL_NULL_CONVERSION = YES;
				CLANG_WARN_OBJC_IMPLICIT_RETAIN_SELF = YES;
				CLANG_WARN_OBJC_LITERAL_CONVERSION = YES;
				CLANG_WARN_OBJC_ROOT_CLASS = YES_ERROR;
				CLANG_WARN_QUOTED_INCLUDE_IN_FRAMEWORK_HEADER = YES;
				CLANG_WARN_RANGE_LOOP_ANALYSIS = YES;
				CLANG_WARN_STRICT_PROTOTYPES = YES;
				CLANG_WARN_SUSPICIOUS_MOVE = YES;
				CLANG_WARN_UNGUARDED_AVAILABILITY = YES_AGGRESSIVE;
				CLANG_WARN_UNREACHABLE_CODE = YES;
				CLANG_WARN__DUPLICATE_METHOD_MATCH = YES;
				COPY_PHASE_STRIP = NO;
				DEBUG_INFORMATION_FORMAT = "dwarf-with-dsym";
				ENABLE_NS_ASSERTIONS = NO;
				ENABLE_STRICT_OBJC_MSGSEND = YES;
				GCC_C_LANGUAGE_STANDARD = gnu11;
				GCC_NO_COMMON_BLOCKS = YES;
				GCC_WARN_64_TO_32_BIT_CONVERSION = YES;
				GCC_WARN_ABOUT_RETURN_TYPE = YES_ERROR;
				GCC_WARN_UNDECLARED_SELECTOR = YES;
				GCC_WARN_UNINITIALIZED_AUTOS = YES_AGGRESSIVE;
				GCC_WARN_UNUSED_FUNCTION = YES;
				GCC_WARN_UNUSED_VARIABLE = YES;
				IPHONEOS_DEPLOYMENT_TARGET = 14.3;
				MTL_ENABLE_DEBUG_INFO = NO;
				MTL_FAST_MATH = YES;
				SDKROOT = iphoneos;
				SWIFT_COMPILATION_MODE = wholemodule;
				SWIFT_OPTIMIZATION_LEVEL = "-O";
				VALIDATE_PRODUCT = YES;
			};
			name = Release;
		};
		E4CCFD1E25B3C3200017DDA4 /* Debug */ = {
			isa = XCBuildConfiguration;
			buildSettings = {
				ASSETCATALOG_COMPILER_APPICON_NAME = AppIcon;
				ASSETCATALOG_COMPILER_GLOBAL_ACCENT_COLOR_NAME = AccentColor;
				CODE_SIGN_STYLE = Automatic;
				CURRENT_PROJECT_VERSION = 3;
				DEVELOPMENT_ASSET_PATHS = "\"TouchGuitarCircle/Preview Content\"";
				DEVELOPMENT_TEAM = W6999PKSDB;
				ENABLE_PREVIEWS = YES;
				INFOPLIST_FILE = TouchGuitarCircle/Info.plist;
				LD_RUNPATH_SEARCH_PATHS = (
					"$(inherited)",
					"@executable_path/Frameworks",
				);
				PRODUCT_BUNDLE_IDENTIFIER = com.optmonkeys.TouchGuitarCircle;
				PRODUCT_NAME = "$(TARGET_NAME)";
				SWIFT_VERSION = 5.0;
				TARGETED_DEVICE_FAMILY = "1,2";
			};
			name = Debug;
		};
		E4CCFD1F25B3C3200017DDA4 /* Release */ = {
			isa = XCBuildConfiguration;
			buildSettings = {
				ASSETCATALOG_COMPILER_APPICON_NAME = AppIcon;
				ASSETCATALOG_COMPILER_GLOBAL_ACCENT_COLOR_NAME = AccentColor;
				CODE_SIGN_STYLE = Automatic;
				CURRENT_PROJECT_VERSION = 3;
				DEVELOPMENT_ASSET_PATHS = "\"TouchGuitarCircle/Preview Content\"";
				DEVELOPMENT_TEAM = W6999PKSDB;
				ENABLE_PREVIEWS = YES;
				INFOPLIST_FILE = TouchGuitarCircle/Info.plist;
				LD_RUNPATH_SEARCH_PATHS = (
					"$(inherited)",
					"@executable_path/Frameworks",
				);
				PRODUCT_BUNDLE_IDENTIFIER = com.optmonkeys.TouchGuitarCircle;
				PRODUCT_NAME = "$(TARGET_NAME)";
				SWIFT_VERSION = 5.0;
				TARGETED_DEVICE_FAMILY = "1,2";
			};
			name = Release;
		};
/* End XCBuildConfiguration section */

/* Begin XCConfigurationList section */
		E4CCFD0425B3C31F0017DDA4 /* Build configuration list for PBXProject "TouchGuitarCircle" */ = {
			isa = XCConfigurationList;
			buildConfigurations = (
				E4CCFD1B25B3C3200017DDA4 /* Debug */,
				E4CCFD1C25B3C3200017DDA4 /* Release */,
			);
			defaultConfigurationIsVisible = 0;
			defaultConfigurationName = Release;
		};
		E4CCFD1D25B3C3200017DDA4 /* Build configuration list for PBXNativeTarget "TouchGuitarCircle" */ = {
			isa = XCConfigurationList;
			buildConfigurations = (
				E4CCFD1E25B3C3200017DDA4 /* Debug */,
				E4CCFD1F25B3C3200017DDA4 /* Release */,
			);
			defaultConfigurationIsVisible = 0;
			defaultConfigurationName = Release;
		};
/* End XCConfigurationList section */
	};
	rootObject = E4CCFD0125B3C31F0017DDA4 /* Project object */;
}
